
Microsoft Visual Studio Solution File, Format Version 12.00
# Visual Studio Version 17
VisualStudioVersion = 17.8.34309.116
MinimumVisualStudioVersion = 10.0.40219.1
Project("{FAE04EC0-301F-11D3-BF4B-00C04F79EFBC}") = "NKatmanliMimari", "NKatmanliMimari\NKatmanliMimari.csproj", "{BEB1A062-6ADA-43ED-A16C-E5DA422CADC6}"
EndProject
Project("{FAE04EC0-301F-11D3-BF4B-00C04F79EFBC}") = "EntityLayer1", "EntityLayer1\EntityLayer1.csproj", "{0C23EE40-6425-433D-82A1-334CEE1D3A03}"
EndProject
Project("{FAE04EC0-301F-11D3-BF4B-00C04F79EFBC}") = "DataAccessLayer", "DataAccessLayer\DataAccessLayer.csproj", "{FE75D473-0A97-426A-AA3A-D24316130592}"
EndProject
Project("{FAE04EC0-301F-11D3-BF4B-00C04F79EFBC}") = "LogicLayer", "LogicLayer\LogicLayer.csproj", "{5FBA7480-970B-4CB3-B0A9-7FDEDBF85F91}"
EndProject
Global
	GlobalSection(SolutionConfigurationPlatforms) = preSolution
		Debug|Any CPU = Debug|Any CPU
		Release|Any CPU = Release|Any CPU
	EndGlobalSection
	GlobalSection(ProjectConfigurationPlatforms) = postSolution
		{BEB1A062-6ADA-43ED-A16C-E5DA422CADC6}.Debug|Any CPU.ActiveCfg = Debug|Any CPU
		{BEB1A062-6ADA-43ED-A16C-E5DA422CADC6}.Debug|Any CPU.Build.0 = Debug|Any CPU
		{BEB1A062-6ADA-43ED-A16C-E5DA422CADC6}.Release|Any CPU.ActiveCfg = Release|Any CPU
		{BEB1A062-6ADA-43ED-A16C-E5DA422CADC6}.Release|Any CPU.Build.0 = Release|Any CPU
		{0C23EE40-6425-433D-82A1-334CEE1D3A03}.Debug|Any CPU.ActiveCfg = Debug|Any CPU
		{0C23EE40-6425-433D-82A1-334CEE1D3A03}.Debug|Any CPU.Build.0 = Debug|Any CPU
		{0C23EE40-6425-433D-82A1-334CEE1D3A03}.Release|Any CPU.ActiveCfg = Release|Any CPU
		{0C23EE40-6425-433D-82A1-334CEE1D3A03}.Release|Any CPU.Build.0 = Release|Any CPU
		{FE75D473-0A97-426A-AA3A-D24316130592}.Debug|Any CPU.ActiveCfg = Debug|Any CPU
		{FE75D473-0A97-426A-AA3A-D24316130592}.Debug|Any CPU.Build.0 = Debug|Any CPU
		{FE75D473-0A97-426A-AA3A-D24316130592}.Release|Any CPU.ActiveCfg = Release|Any CPU
		{FE75D473-0A97-426A-AA3A-D24316130592}.Release|Any CPU.Build.0 = Release|Any CPU
		{5FBA7480-970B-4CB3-B0A9-7FDEDBF85F91}.Debug|Any CPU.ActiveCfg = Debug|Any CPU
		{5FBA7480-970B-4CB3-B0A9-7FDEDBF85F91}.Debug|Any CPU.Build.0 = Debug|Any CPU
		{5FBA7480-970B-4CB3-B0A9-7FDEDBF85F91}.Release|Any CPU.ActiveCfg = Release|Any CPU
		{5FBA7480-970B-4CB3-B0A9-7FDEDBF85F91}.Release|Any CPU.Build.0 = Release|Any CPU
	EndGlobalSection
	GlobalSection(SolutionProperties) = preSolution
		HideSolutionNode = FALSE
	EndGlobalSection
	GlobalSection(ExtensibilityGlobals) = postSolution
		SolutionGuid = {2E9E8644-7D69-4B94-8ADE-A912EBA580C4}
	EndGlobalSection
EndGlobal
